// !$*UTF8*$!
{
	archiveVersion = 1;
	classes = {
	};
	objectVersion = 55;
	objects = {

/* Begin PBXBuildFile section */
		7D02C298274F4B4000FA1351 /* Binding-OnChange.swift in Sources */ = {isa = PBXBuildFile; fileRef = 7D02C297274F4B4000FA1351 /* Binding-OnChange.swift */; };
		7D02C29A274F502900FA1351 /* ProjectHeaderView.swift in Sources */ = {isa = PBXBuildFile; fileRef = 7D02C299274F502900FA1351 /* ProjectHeaderView.swift */; };
		7D02C29C274F543A00FA1351 /* Colors.xcassets in Resources */ = {isa = PBXBuildFile; fileRef = 7D02C29B274F543A00FA1351 /* Colors.xcassets */; };
		7D477562274D9CD1002B5A7B /* HomeView.swift in Sources */ = {isa = PBXBuildFile; fileRef = 7D477561274D9CD1002B5A7B /* HomeView.swift */; };
		7D477564274D9DB7002B5A7B /* ProjectsView.swift in Sources */ = {isa = PBXBuildFile; fileRef = 7D477563274D9DB7002B5A7B /* ProjectsView.swift */; };
		7D477566274DBA82002B5A7B /* Item-CoreDataHelpers.swift in Sources */ = {isa = PBXBuildFile; fileRef = 7D477565274DBA82002B5A7B /* Item-CoreDataHelpers.swift */; };
		7D477568274DBB68002B5A7B /* Project-CoreDataHelpers.swift in Sources */ = {isa = PBXBuildFile; fileRef = 7D477567274DBB68002B5A7B /* Project-CoreDataHelpers.swift */; };
		7D47756A274DC776002B5A7B /* EditItemView.swift in Sources */ = {isa = PBXBuildFile; fileRef = 7D477569274DC776002B5A7B /* EditItemView.swift */; };
		7D47756C274DCD00002B5A7B /* ItemRowView.swift in Sources */ = {isa = PBXBuildFile; fileRef = 7D47756B274DCD00002B5A7B /* ItemRowView.swift */; };
		7D64B3A4274C76DD00F0978E /* UltimatePortfolioApp.swift in Sources */ = {isa = PBXBuildFile; fileRef = 7D64B3A3274C76DD00F0978E /* UltimatePortfolioApp.swift */; };
		7D64B3A6274C76DD00F0978E /* ContentView.swift in Sources */ = {isa = PBXBuildFile; fileRef = 7D64B3A5274C76DD00F0978E /* ContentView.swift */; };
		7D64B3A8274C76DE00F0978E /* Assets.xcassets in Resources */ = {isa = PBXBuildFile; fileRef = 7D64B3A7274C76DE00F0978E /* Assets.xcassets */; };
		7D64B3AB274C76DE00F0978E /* Preview Assets.xcassets in Resources */ = {isa = PBXBuildFile; fileRef = 7D64B3AA274C76DE00F0978E /* Preview Assets.xcassets */; };
		7D64B3B3274C7A7600F0978E /* Main.xcdatamodeld in Sources */ = {isa = PBXBuildFile; fileRef = 7D64B3B1274C7A7600F0978E /* Main.xcdatamodeld */; };
		7D64B3B5274C7D5200F0978E /* DataController.swift in Sources */ = {isa = PBXBuildFile; fileRef = 7D64B3B4274C7D5200F0978E /* DataController.swift */; };
		7D83B79427A37C3500E3A640 /* EditProjectView.swift in Sources */ = {isa = PBXBuildFile; fileRef = 7D83B79327A37C3500E3A640 /* EditProjectView.swift */; };
/* End PBXBuildFile section */

/* Begin PBXFileReference section */
		7D02C297274F4B4000FA1351 /* Binding-OnChange.swift */ = {isa = PBXFileReference; lastKnownFileType = sourcecode.swift; path = "Binding-OnChange.swift"; sourceTree = "<group>"; };
		7D02C299274F502900FA1351 /* ProjectHeaderView.swift */ = {isa = PBXFileReference; lastKnownFileType = sourcecode.swift; path = ProjectHeaderView.swift; sourceTree = "<group>"; };
		7D02C29B274F543A00FA1351 /* Colors.xcassets */ = {isa = PBXFileReference; lastKnownFileType = folder.assetcatalog; path = Colors.xcassets; sourceTree = "<group>"; };
		7D477561274D9CD1002B5A7B /* HomeView.swift */ = {isa = PBXFileReference; lastKnownFileType = sourcecode.swift; path = HomeView.swift; sourceTree = "<group>"; };
		7D477563274D9DB7002B5A7B /* ProjectsView.swift */ = {isa = PBXFileReference; lastKnownFileType = sourcecode.swift; path = ProjectsView.swift; sourceTree = "<group>"; };
		7D477565274DBA82002B5A7B /* Item-CoreDataHelpers.swift */ = {isa = PBXFileReference; lastKnownFileType = sourcecode.swift; path = "Item-CoreDataHelpers.swift"; sourceTree = "<group>"; };
		7D477567274DBB68002B5A7B /* Project-CoreDataHelpers.swift */ = {isa = PBXFileReference; lastKnownFileType = sourcecode.swift; path = "Project-CoreDataHelpers.swift"; sourceTree = "<group>"; };
		7D477569274DC776002B5A7B /* EditItemView.swift */ = {isa = PBXFileReference; lastKnownFileType = sourcecode.swift; path = EditItemView.swift; sourceTree = "<group>"; };
		7D47756B274DCD00002B5A7B /* ItemRowView.swift */ = {isa = PBXFileReference; lastKnownFileType = sourcecode.swift; path = ItemRowView.swift; sourceTree = "<group>"; };
		7D64B3A0274C76DD00F0978E /* UltimatePortfolio.app */ = {isa = PBXFileReference; explicitFileType = wrapper.application; includeInIndex = 0; path = UltimatePortfolio.app; sourceTree = BUILT_PRODUCTS_DIR; };
		7D64B3A3274C76DD00F0978E /* UltimatePortfolioApp.swift */ = {isa = PBXFileReference; lastKnownFileType = sourcecode.swift; path = UltimatePortfolioApp.swift; sourceTree = "<group>"; };
		7D64B3A5274C76DD00F0978E /* ContentView.swift */ = {isa = PBXFileReference; lastKnownFileType = sourcecode.swift; path = ContentView.swift; sourceTree = "<group>"; };
		7D64B3A7274C76DE00F0978E /* Assets.xcassets */ = {isa = PBXFileReference; lastKnownFileType = folder.assetcatalog; path = Assets.xcassets; sourceTree = "<group>"; };
		7D64B3AA274C76DE00F0978E /* Preview Assets.xcassets */ = {isa = PBXFileReference; lastKnownFileType = folder.assetcatalog; path = "Preview Assets.xcassets"; sourceTree = "<group>"; };
		7D64B3B2274C7A7600F0978E /* Main.xcdatamodel */ = {isa = PBXFileReference; lastKnownFileType = wrapper.xcdatamodel; path = Main.xcdatamodel; sourceTree = "<group>"; };
		7D64B3B4274C7D5200F0978E /* DataController.swift */ = {isa = PBXFileReference; lastKnownFileType = sourcecode.swift; path = DataController.swift; sourceTree = "<group>"; };
		7D83B79327A37C3500E3A640 /* EditProjectView.swift */ = {isa = PBXFileReference; lastKnownFileType = sourcecode.swift; path = EditProjectView.swift; sourceTree = "<group>"; };
/* End PBXFileReference section */

/* Begin PBXFrameworksBuildPhase section */
		7D64B39D274C76DD00F0978E /* Frameworks */ = {
			isa = PBXFrameworksBuildPhase;
			buildActionMask = 2147483647;
			files = (
			);
			runOnlyForDeploymentPostprocessing = 0;
		};
/* End PBXFrameworksBuildPhase section */

/* Begin PBXGroup section */
		7D64B397274C76DD00F0978E = {
			isa = PBXGroup;
			children = (
				7D64B3A2274C76DD00F0978E /* UltimatePortfolio */,
				7D64B3A1274C76DD00F0978E /* Products */,
			);
			sourceTree = "<group>";
		};
		7D64B3A1274C76DD00F0978E /* Products */ = {
			isa = PBXGroup;
			children = (
				7D64B3A0274C76DD00F0978E /* UltimatePortfolio.app */,
			);
			name = Products;
			sourceTree = "<group>";
		};
		7D64B3A2274C76DD00F0978E /* UltimatePortfolio */ = {
			isa = PBXGroup;
			children = (
				7D64B3A3274C76DD00F0978E /* UltimatePortfolioApp.swift */,
				7D02C299274F502900FA1351 /* ProjectHeaderView.swift */,
				7D02C29B274F543A00FA1351 /* Colors.xcassets */,
				7D64B3A5274C76DD00F0978E /* ContentView.swift */,
				7D477569274DC776002B5A7B /* EditItemView.swift */,
				7D02C297274F4B4000FA1351 /* Binding-OnChange.swift */,
				7D83B79327A37C3500E3A640 /* EditProjectView.swift */,
				7D47756B274DCD00002B5A7B /* ItemRowView.swift */,
				7D64B3A7274C76DE00F0978E /* Assets.xcassets */,
				7D64B3B1274C7A7600F0978E /* Main.xcdatamodeld */,
				7D64B3A9274C76DE00F0978E /* Preview Content */,
				7D64B3B4274C7D5200F0978E /* DataController.swift */,
				7D477561274D9CD1002B5A7B /* HomeView.swift */,
				7D477563274D9DB7002B5A7B /* ProjectsView.swift */,
				7D477565274DBA82002B5A7B /* Item-CoreDataHelpers.swift */,
				7D477567274DBB68002B5A7B /* Project-CoreDataHelpers.swift */,
			);
			path = UltimatePortfolio;
			sourceTree = "<group>";
		};
		7D64B3A9274C76DE00F0978E /* Preview Content */ = {
			isa = PBXGroup;
			children = (
				7D64B3AA274C76DE00F0978E /* Preview Assets.xcassets */,
			);
			path = "Preview Content";
			sourceTree = "<group>";
		};
/* End PBXGroup section */

/* Begin PBXNativeTarget section */
		7D64B39F274C76DD00F0978E /* UltimatePortfolio */ = {
			isa = PBXNativeTarget;
			buildConfigurationList = 7D64B3AE274C76DE00F0978E /* Build configuration list for PBXNativeTarget "UltimatePortfolio" */;
			buildPhases = (
				7D64B39C274C76DD00F0978E /* Sources */,
				7D64B39D274C76DD00F0978E /* Frameworks */,
				7D64B39E274C76DD00F0978E /* Resources */,
			);
			buildRules = (
			);
			dependencies = (
			);
			name = UltimatePortfolio;
			productName = UltimatePortfolio;
			productReference = 7D64B3A0274C76DD00F0978E /* UltimatePortfolio.app */;
			productType = "com.apple.product-type.application";
		};
/* End PBXNativeTarget section */

/* Begin PBXProject section */
		7D64B398274C76DD00F0978E /* Project object */ = {
			isa = PBXProject;
			attributes = {
				BuildIndependentTargetsInParallel = 1;
				LastSwiftUpdateCheck = 1300;
				LastUpgradeCheck = 1300;
				TargetAttributes = {
					7D64B39F274C76DD00F0978E = {
						CreatedOnToolsVersion = 13.0;
					};
				};
			};
			buildConfigurationList = 7D64B39B274C76DD00F0978E /* Build configuration list for PBXProject "UltimatePortfolio" */;
			compatibilityVersion = "Xcode 13.0";
			developmentRegion = en;
			hasScannedForEncodings = 0;
			knownRegions = (
				en,
				Base,
			);
			mainGroup = 7D64B397274C76DD00F0978E;
			productRefGroup = 7D64B3A1274C76DD00F0978E /* Products */;
			projectDirPath = "";
			projectRoot = "";
			targets = (
				7D64B39F274C76DD00F0978E /* UltimatePortfolio */,
			);
		};
/* End PBXProject section */

/* Begin PBXResourcesBuildPhase section */
		7D64B39E274C76DD00F0978E /* Resources */ = {
			isa = PBXResourcesBuildPhase;
			buildActionMask = 2147483647;
			files = (
				7D02C29C274F543A00FA1351 /* Colors.xcassets in Resources */,
				7D64B3AB274C76DE00F0978E /* Preview Assets.xcassets in Resources */,
				7D64B3A8274C76DE00F0978E /* Assets.xcassets in Resources */,
			);
			runOnlyForDeploymentPostprocessing = 0;
		};
/* End PBXResourcesBuildPhase section */

/* Begin PBXSourcesBuildPhase section */
		7D64B39C274C76DD00F0978E /* Sources */ = {
			isa = PBXSourcesBuildPhase;
			buildActionMask = 2147483647;
			files = (
				7D477564274D9DB7002B5A7B /* ProjectsView.swift in Sources */,
				7D02C29A274F502900FA1351 /* ProjectHeaderView.swift in Sources */,
				7D64B3B3274C7A7600F0978E /* Main.xcdatamodeld in Sources */,
				7D477568274DBB68002B5A7B /* Project-CoreDataHelpers.swift in Sources */,
				7D83B79427A37C3500E3A640 /* EditProjectView.swift in Sources */,
				7D64B3B5274C7D5200F0978E /* DataController.swift in Sources */,
				7D47756C274DCD00002B5A7B /* ItemRowView.swift in Sources */,
				7D64B3A6274C76DD00F0978E /* ContentView.swift in Sources */,
				7D02C298274F4B4000FA1351 /* Binding-OnChange.swift in Sources */,
				7D477562274D9CD1002B5A7B /* HomeView.swift in Sources */,
				7D64B3A4274C76DD00F0978E /* UltimatePortfolioApp.swift in Sources */,
				7D477566274DBA82002B5A7B /* Item-CoreDataHelpers.swift in Sources */,
				7D47756A274DC776002B5A7B /* EditItemView.swift in Sources */,
			);
			runOnlyForDeploymentPostprocessing = 0;
		};
/* End PBXSourcesBuildPhase section */

/* Begin XCBuildConfiguration section */
		7D64B3AC274C76DE00F0978E /* Debug */ = {
			isa = XCBuildConfiguration;
			buildSettings = {
				ALWAYS_SEARCH_USER_PATHS = NO;
				CLANG_ANALYZER_NONNULL = YES;
				CLANG_ANALYZER_NUMBER_OBJECT_CONVERSION = YES_AGGRESSIVE;
				CLANG_CXX_LANGUAGE_STANDARD = "gnu++17";
				CLANG_CXX_LIBRARY = "libc++";
				CLANG_ENABLE_MODULES = YES;
				CLANG_ENABLE_OBJC_ARC = YES;
				CLANG_ENABLE_OBJC_WEAK = YES;
				CLANG_WARN_BLOCK_CAPTURE_AUTORELEASING = YES;
				CLANG_WARN_BOOL_CONVERSION = YES;
				CLANG_WARN_COMMA = YES;
				CLANG_WARN_CONSTANT_CONVERSION = YES;
				CLANG_WARN_DEPRECATED_OBJC_IMPLEMENTATIONS = YES;
				CLANG_WARN_DIRECT_OBJC_ISA_USAGE = YES_ERROR;
				CLANG_WARN_DOCUMENTATION_COMMENTS = YES;
				CLANG_WARN_EMPTY_BODY = YES;
				CLANG_WARN_ENUM_CONVERSION = YES;
				CLANG_WARN_INFINITE_RECURSION = YES;
				CLANG_WARN_INT_CONVERSION = YES;
				CLANG_WARN_NON_LITERAL_NULL_CONVERSION = YES;
				CLANG_WARN_OBJC_IMPLICIT_RETAIN_SELF = YES;
				CLANG_WARN_OBJC_LITERAL_CONVERSION = YES;
				CLANG_WARN_OBJC_ROOT_CLASS = YES_ERROR;
				CLANG_WARN_QUOTED_INCLUDE_IN_FRAMEWORK_HEADER = YES;
				CLANG_WARN_RANGE_LOOP_ANALYSIS = YES;
				CLANG_WARN_STRICT_PROTOTYPES = YES;
				CLANG_WARN_SUSPICIOUS_MOVE = YES;
				CLANG_WARN_UNGUARDED_AVAILABILITY = YES_AGGRESSIVE;
				CLANG_WARN_UNREACHABLE_CODE = YES;
				CLANG_WARN__DUPLICATE_METHOD_MATCH = YES;
				COPY_PHASE_STRIP = NO;
				DEBUG_INFORMATION_FORMAT = dwarf;
				ENABLE_STRICT_OBJC_MSGSEND = YES;
				ENABLE_TESTABILITY = YES;
				GCC_C_LANGUAGE_STANDARD = gnu11;
				GCC_DYNAMIC_NO_PIC = NO;
				GCC_NO_COMMON_BLOCKS = YES;
				GCC_OPTIMIZATION_LEVEL = 0;
				GCC_PREPROCESSOR_DEFINITIONS = (
					"DEBUG=1",
					"$(inherited)",
				);
				GCC_WARN_64_TO_32_BIT_CONVERSION = YES;
				GCC_WARN_ABOUT_RETURN_TYPE = YES_ERROR;
				GCC_WARN_UNDECLARED_SELECTOR = YES;
				GCC_WARN_UNINITIALIZED_AUTOS = YES_AGGRESSIVE;
				GCC_WARN_UNUSED_FUNCTION = YES;
				GCC_WARN_UNUSED_VARIABLE = YES;
				IPHONEOS_DEPLOYMENT_TARGET = 15.0;
				MTL_ENABLE_DEBUG_INFO = INCLUDE_SOURCE;
				MTL_FAST_MATH = YES;
				ONLY_ACTIVE_ARCH = YES;
				SDKROOT = iphoneos;
				SWIFT_ACTIVE_COMPILATION_CONDITIONS = DEBUG;
				SWIFT_OPTIMIZATION_LEVEL = "-Onone";
			};
			name = Debug;
		};
		7D64B3AD274C76DE00F0978E /* Release */ = {
			isa = XCBuildConfiguration;
			buildSettings = {
				ALWAYS_SEARCH_USER_PATHS = NO;
				CLANG_ANALYZER_NONNULL = YES;
				CLANG_ANALYZER_NUMBER_OBJECT_CONVERSION = YES_AGGRESSIVE;
				CLANG_CXX_LANGUAGE_STANDARD = "gnu++17";
				CLANG_CXX_LIBRARY = "libc++";
				CLANG_ENABLE_MODULES = YES;
				CLANG_ENABLE_OBJC_ARC = YES;
				CLANG_ENABLE_OBJC_WEAK = YES;
				CLANG_WARN_BLOCK_CAPTURE_AUTORELEASING = YES;
				CLANG_WARN_BOOL_CONVERSION = YES;
				CLANG_WARN_COMMA = YES;
				CLANG_WARN_CONSTANT_CONVERSION = YES;
				CLANG_WARN_DEPRECATED_OBJC_IMPLEMENTATIONS = YES;
				CLANG_WARN_DIRECT_OBJC_ISA_USAGE = YES_ERROR;
				CLANG_WARN_DOCUMENTATION_COMMENTS = YES;
				CLANG_WARN_EMPTY_BODY = YES;
				CLANG_WARN_ENUM_CONVERSION = YES;
				CLANG_WARN_INFINITE_RECURSION = YES;
				CLANG_WARN_INT_CONVERSION = YES;
				CLANG_WARN_NON_LITERAL_NULL_CONVERSION = YES;
				CLANG_WARN_OBJC_IMPLICIT_RETAIN_SELF = YES;
				CLANG_WARN_OBJC_LITERAL_CONVERSION = YES;
				CLANG_WARN_OBJC_ROOT_CLASS = YES_ERROR;
				CLANG_WARN_QUOTED_INCLUDE_IN_FRAMEWORK_HEADER = YES;
				CLANG_WARN_RANGE_LOOP_ANALYSIS = YES;
				CLANG_WARN_STRICT_PROTOTYPES = YES;
				CLANG_WARN_SUSPICIOUS_MOVE = YES;
				CLANG_WARN_UNGUARDED_AVAILABILITY = YES_AGGRESSIVE;
				CLANG_WARN_UNREACHABLE_CODE = YES;
				CLANG_WARN__DUPLICATE_METHOD_MATCH = YES;
				COPY_PHASE_STRIP = NO;
				DEBUG_INFORMATION_FORMAT = "dwarf-with-dsym";
				ENABLE_NS_ASSERTIONS = NO;
				ENABLE_STRICT_OBJC_MSGSEND = YES;
				GCC_C_LANGUAGE_STANDARD = gnu11;
				GCC_NO_COMMON_BLOCKS = YES;
				GCC_WARN_64_TO_32_BIT_CONVERSION = YES;
				GCC_WARN_ABOUT_RETURN_TYPE = YES_ERROR;
				GCC_WARN_UNDECLARED_SELECTOR = YES;
				GCC_WARN_UNINITIALIZED_AUTOS = YES_AGGRESSIVE;
				GCC_WARN_UNUSED_FUNCTION = YES;
				GCC_WARN_UNUSED_VARIABLE = YES;
				IPHONEOS_DEPLOYMENT_TARGET = 15.0;
				MTL_ENABLE_DEBUG_INFO = NO;
				MTL_FAST_MATH = YES;
				SDKROOT = iphoneos;
				SWIFT_COMPILATION_MODE = wholemodule;
				SWIFT_OPTIMIZATION_LEVEL = "-O";
				VALIDATE_PRODUCT = YES;
			};
			name = Release;
		};
		7D64B3AF274C76DE00F0978E /* Debug */ = {
			isa = XCBuildConfiguration;
			buildSettings = {
				ASSETCATALOG_COMPILER_APPICON_NAME = AppIcon;
				ASSETCATALOG_COMPILER_GLOBAL_ACCENT_COLOR_NAME = AccentColor;
				CODE_SIGN_STYLE = Automatic;
				CURRENT_PROJECT_VERSION = 1;
				DEVELOPMENT_ASSET_PATHS = "\"UltimatePortfolio/Preview Content\"";
				DEVELOPMENT_TEAM = 59JWRUY5S9;
				ENABLE_PREVIEWS = YES;
				GENERATE_INFOPLIST_FILE = YES;
				INFOPLIST_KEY_UIApplicationSceneManifest_Generation = YES;
				INFOPLIST_KEY_UIApplicationSupportsIndirectInputEvents = YES;
				INFOPLIST_KEY_UILaunchScreen_Generation = YES;
				INFOPLIST_KEY_UISupportedInterfaceOrientations_iPad = "UIInterfaceOrientationPortrait UIInterfaceOrientationPortraitUpsideDown UIInterfaceOrientationLandscapeLeft UIInterfaceOrientationLandscapeRight";
				INFOPLIST_KEY_UISupportedInterfaceOrientations_iPhone = "UIInterfaceOrientationPortrait UIInterfaceOrientationLandscapeLeft UIInterfaceOrientationLandscapeRight";
				IPHONEOS_DEPLOYMENT_TARGET = 15.0;
				LD_RUNPATH_SEARCH_PATHS = (
					"$(inherited)",
					"@executable_path/Frameworks",
				);
				MARKETING_VERSION = 1.0;
				PRODUCT_BUNDLE_IDENTIFIER = zippi.UltimatePortfolio;
				PRODUCT_NAME = "$(TARGET_NAME)";
				SWIFT_EMIT_LOC_STRINGS = YES;
				SWIFT_VERSION = 5.0;
				TARGETED_DEVICE_FAMILY = "1,2";
			};
			name = Debug;
		};
		7D64B3B0274C76DE00F0978E /* Release */ = {
			isa = XCBuildConfiguration;
			buildSettings = {
				ASSETCATALOG_COMPILER_APPICON_NAME = AppIcon;
				ASSETCATALOG_COMPILER_GLOBAL_ACCENT_COLOR_NAME = AccentColor;
				CODE_SIGN_STYLE = Automatic;
				CURRENT_PROJECT_VERSION = 1;
				DEVELOPMENT_ASSET_PATHS = "\"UltimatePortfolio/Preview Content\"";
				DEVELOPMENT_TEAM = 59JWRUY5S9;
				ENABLE_PREVIEWS = YES;
				GENERATE_INFOPLIST_FILE = YES;
				INFOPLIST_KEY_UIApplicationSceneManifest_Generation = YES;
				INFOPLIST_KEY_UIApplicationSupportsIndirectInputEvents = YES;
				INFOPLIST_KEY_UILaunchScreen_Generation = YES;
				INFOPLIST_KEY_UISupportedInterfaceOrientations_iPad = "UIInterfaceOrientationPortrait UIInterfaceOrientationPortraitUpsideDown UIInterfaceOrientationLandscapeLeft UIInterfaceOrientationLandscapeRight";
				INFOPLIST_KEY_UISupportedInterfaceOrientations_iPhone = "UIInterfaceOrientationPortrait UIInterfaceOrientationLandscapeLeft UIInterfaceOrientationLandscapeRight";
				IPHONEOS_DEPLOYMENT_TARGET = 15.0;
				LD_RUNPATH_SEARCH_PATHS = (
					"$(inherited)",
					"@executable_path/Frameworks",
				);
				MARKETING_VERSION = 1.0;
				PRODUCT_BUNDLE_IDENTIFIER = zippi.UltimatePortfolio;
				PRODUCT_NAME = "$(TARGET_NAME)";
				SWIFT_EMIT_LOC_STRINGS = YES;
				SWIFT_VERSION = 5.0;
				TARGETED_DEVICE_FAMILY = "1,2";
			};
			name = Release;
		};
/* End XCBuildConfiguration section */

/* Begin XCConfigurationList section */
		7D64B39B274C76DD00F0978E /* Build configuration list for PBXProject "UltimatePortfolio" */ = {
			isa = XCConfigurationList;
			buildConfigurations = (
				7D64B3AC274C76DE00F0978E /* Debug */,
				7D64B3AD274C76DE00F0978E /* Release */,
			);
			defaultConfigurationIsVisible = 0;
			defaultConfigurationName = Release;
		};
		7D64B3AE274C76DE00F0978E /* Build configuration list for PBXNativeTarget "UltimatePortfolio" */ = {
			isa = XCConfigurationList;
			buildConfigurations = (
				7D64B3AF274C76DE00F0978E /* Debug */,
				7D64B3B0274C76DE00F0978E /* Release */,
			);
			defaultConfigurationIsVisible = 0;
			defaultConfigurationName = Release;
		};
/* End XCConfigurationList section */

/* Begin XCVersionGroup section */
		7D64B3B1274C7A7600F0978E /* Main.xcdatamodeld */ = {
			isa = XCVersionGroup;
			children = (
				7D64B3B2274C7A7600F0978E /* Main.xcdatamodel */,
			);
			currentVersion = 7D64B3B2274C7A7600F0978E /* Main.xcdatamodel */;
			path = Main.xcdatamodeld;
			sourceTree = "<group>";
			versionGroupType = wrapper.xcdatamodel;
		};
/* End XCVersionGroup section */
	};
	rootObject = 7D64B398274C76DD00F0978E /* Project object */;
}
